
Microsoft Visual Studio Solution File, Format Version 12.00
# Visual Studio Version 16
VisualStudioVersion = 16.0.29613.14
MinimumVisualStudioVersion = 10.0.40219.1
Project("{F184B08F-C81C-45F6-A57F-5ABD9991F28F}") = "LemonTest", "LemonTest\LemonTest.vbproj", "{5649E4FC-544F-4F0F-B125-F0EE0E50729B}"
EndProject
Project("{2150E333-8FDC-42A3-9474-1A3956D46DE8}") = "Solution Items", "Solution Items", "{19DF7AD4-25A7-4762-AA53-88654D1EC864}"
	ProjectSection(SolutionItems) = preProject
		.editorconfig = .editorconfig
	EndProjectSection
EndProject
Global
	GlobalSection(SolutionConfigurationPlatforms) = preSolution
		Debug|Any CPU = Debug|Any CPU
		Release|Any CPU = Release|Any CPU
	EndGlobalSection
	GlobalSection(ProjectConfigurationPlatforms) = postSolution
		{5649E4FC-544F-4F0F-B125-F0EE0E50729B}.Debug|Any CPU.ActiveCfg = Debug|Any CPU
		{5649E4FC-544F-4F0F-B125-F0EE0E50729B}.Debug|Any CPU.Build.0 = Debug|Any CPU
		{5649E4FC-544F-4F0F-B125-F0EE0E50729B}.Release|Any CPU.ActiveCfg = Release|Any CPU
		{5649E4FC-544F-4F0F-B125-F0EE0E50729B}.Release|Any CPU.Build.0 = Release|Any CPU
	EndGlobalSection
	GlobalSection(SolutionProperties) = preSolution
		HideSolutionNode = FALSE
	EndGlobalSection
	GlobalSection(ExtensibilityGlobals) = postSolution
		SolutionGuid = {6C736EB0-2A5E-4032-A615-CE543EA3B196}
	EndGlobalSection
EndGlobal
